
Microsoft Visual Studio Solution File, Format Version 12.00
# Visual Studio Version 17
VisualStudioVersion = 17.5.33424.131
MinimumVisualStudioVersion = 10.0.40219.1
Project("{FAE04EC0-301F-11D3-BF4B-00C04F79EFBC}") = "Лаб_3", "Лаб_3\Лаб_3.csproj", "{2024E04F-C1B2-4184-B1FD-FD2F6D407B3A}"
EndProject
Global
	GlobalSection(SolutionConfigurationPlatforms) = preSolution
		Debug|Any CPU = Debug|Any CPU
		Release|Any CPU = Release|Any CPU
	EndGlobalSection
	GlobalSection(ProjectConfigurationPlatforms) = postSolution
		{2024E04F-C1B2-4184-B1FD-FD2F6D407B3A}.Debug|Any CPU.ActiveCfg = Debug|Any CPU
		{2024E04F-C1B2-4184-B1FD-FD2F6D407B3A}.Debug|Any CPU.Build.0 = Debug|Any CPU
		{2024E04F-C1B2-4184-B1FD-FD2F6D407B3A}.Release|Any CPU.ActiveCfg = Release|Any CPU
		{2024E04F-C1B2-4184-B1FD-FD2F6D407B3A}.Release|Any CPU.Build.0 = Release|Any CPU
	EndGlobalSection
	GlobalSection(SolutionProperties) = preSolution
		HideSolutionNode = FALSE
	EndGlobalSection
	GlobalSection(ExtensibilityGlobals) = postSolution
		SolutionGuid = {F5E24DE9-C486-496C-9FAF-648D57307B1F}
	EndGlobalSection
EndGlobal
